
Microsoft Visual Studio Solution File, Format Version 12.00
# Visual Studio Version 17
VisualStudioVersion = 17.9.34701.34
MinimumVisualStudioVersion = 10.0.40219.1
Project("{FAE04EC0-301F-11D3-BF4B-00C04F79EFBC}") = "TestPackageUpload", "TestPackageUpload.csproj", "{C183D993-299F-4D34-97ED-F9FB7D5FEE5A}"
EndProject
Global
	GlobalSection(SolutionConfigurationPlatforms) = preSolution
		Debug|Any CPU = Debug|Any CPU
		Release|Any CPU = Release|Any CPU
	EndGlobalSection
	GlobalSection(ProjectConfigurationPlatforms) = postSolution
		{C183D993-299F-4D34-97ED-F9FB7D5FEE5A}.Debug|Any CPU.ActiveCfg = Debug|Any CPU
		{C183D993-299F-4D34-97ED-F9FB7D5FEE5A}.Debug|Any CPU.Build.0 = Debug|Any CPU
		{C183D993-299F-4D34-97ED-F9FB7D5FEE5A}.Release|Any CPU.ActiveCfg = Release|Any CPU
		{C183D993-299F-4D34-97ED-F9FB7D5FEE5A}.Release|Any CPU.Build.0 = Release|Any CPU
	EndGlobalSection
	GlobalSection(SolutionProperties) = preSolution
		HideSolutionNode = FALSE
	EndGlobalSection
	GlobalSection(ExtensibilityGlobals) = postSolution
		SolutionGuid = {B0AA07B7-3032-450E-8D12-305B7EF93316}
	EndGlobalSection
EndGlobal
